
Microsoft Visual Studio Solution File, Format Version 12.00
# Visual Studio Version 16
VisualStudioVersion = 16.0.31424.327
MinimumVisualStudioVersion = 10.0.40219.1
Project("{9A19103F-16F7-4668-BE54-9A1E7A4F7556}") = "ArchiveDocuments", "ArchiveDocuments.csproj", "{1E51E499-05D7-4A1F-81C4-46079C419917}"
EndProject
Global
	GlobalSection(SolutionConfigurationPlatforms) = preSolution
		Debug|Any CPU = Debug|Any CPU
		Release|Any CPU = Release|Any CPU
	EndGlobalSection
	GlobalSection(ProjectConfigurationPlatforms) = postSolution
		{1E51E499-05D7-4A1F-81C4-46079C419917}.Debug|Any CPU.ActiveCfg = Debug|Any CPU
		{1E51E499-05D7-4A1F-81C4-46079C419917}.Debug|Any CPU.Build.0 = Debug|Any CPU
		{1E51E499-05D7-4A1F-81C4-46079C419917}.Release|Any CPU.ActiveCfg = Release|Any CPU
		{1E51E499-05D7-4A1F-81C4-46079C419917}.Release|Any CPU.Build.0 = Release|Any CPU
	EndGlobalSection
	GlobalSection(SolutionProperties) = preSolution
		HideSolutionNode = FALSE
	EndGlobalSection
	GlobalSection(ExtensibilityGlobals) = postSolution
		SolutionGuid = {97056F6A-7932-411C-94FF-23A1265FD918}
	EndGlobalSection
EndGlobal
